
Microsoft Visual Studio Solution File, Format Version 12.00
# Visual Studio Version 17
VisualStudioVersion = 17.7.34024.191
MinimumVisualStudioVersion = 10.0.40219.1
Project("{8BC9CEB8-8B4A-11D0-8D11-00A0C91BC942}") = "ACEngine", "ACEngine\ACEngine.vcxproj", "{6B7776BF-E03A-4B73-8B3A-38BC5B114387}"
	ProjectSection(ProjectDependencies) = postProject
		{131FBC46-573B-4E17-B9E6-0838EF58A620} = {131FBC46-573B-4E17-B9E6-0838EF58A620}
		{319FD22D-A1F5-432A-94C7-F1F69F24695A} = {319FD22D-A1F5-432A-94C7-F1F69F24695A}
		{398A4BF1-130C-4B83-B146-786B00B58A33} = {398A4BF1-130C-4B83-B146-786B00B58A33}
		{424AA134-1924-4D5F-B6E1-8229D8E9FECE} = {424AA134-1924-4D5F-B6E1-8229D8E9FECE}
		{447305D7-4A77-4C15-BC2D-66A09F4293E7} = {447305D7-4A77-4C15-BC2D-66A09F4293E7}
		{8681EB86-58FF-4253-B977-9E7F1C2474F9} = {8681EB86-58FF-4253-B977-9E7F1C2474F9}
		{BB81E185-0228-4B6A-BC7B-A88EAE13770D} = {BB81E185-0228-4B6A-BC7B-A88EAE13770D}
		{D63E2DA8-5302-405A-888D-17D090DA870D} = {D63E2DA8-5302-405A-888D-17D090DA870D}
		{DC1D0415-2236-4789-AAEF-CB77E10AD5F2} = {DC1D0415-2236-4789-AAEF-CB77E10AD5F2}
		{ED6518FF-9A74-4B8F-9D51-848B4578536A} = {ED6518FF-9A74-4B8F-9D51-848B4578536A}
	EndProjectSection
EndProject
Project("{8BC9CEB8-8B4A-11D0-8D11-00A0C91BC942}") = "AEFileWriter", "AEFileWriter\AEFileWriter.vcxproj", "{DC1D0415-2236-4789-AAEF-CB77E10AD5F2}"
	ProjectSection(ProjectDependencies) = postProject
		{398A4BF1-130C-4B83-B146-786B00B58A33} = {398A4BF1-130C-4B83-B146-786B00B58A33}
		{D63E2DA8-5302-405A-888D-17D090DA870D} = {D63E2DA8-5302-405A-888D-17D090DA870D}
	EndProjectSection
EndProject
Project("{8BC9CEB8-8B4A-11D0-8D11-00A0C91BC942}") = "AEModuleBase", "AEModuleBase\AEModuleBase.vcxproj", "{398A4BF1-130C-4B83-B146-786B00B58A33}"
	ProjectSection(ProjectDependencies) = postProject
		{D63E2DA8-5302-405A-888D-17D090DA870D} = {D63E2DA8-5302-405A-888D-17D090DA870D}
	EndProjectSection
EndProject
Project("{8BC9CEB8-8B4A-11D0-8D11-00A0C91BC942}") = "AEMisc", "AEMisc\AEMisc.vcxproj", "{D63E2DA8-5302-405A-888D-17D090DA870D}"
EndProject
Project("{8BC9CEB8-8B4A-11D0-8D11-00A0C91BC942}") = "AELogger", "AELogger\AELogger.vcxproj", "{131FBC46-573B-4E17-B9E6-0838EF58A620}"
	ProjectSection(ProjectDependencies) = postProject
		{398A4BF1-130C-4B83-B146-786B00B58A33} = {398A4BF1-130C-4B83-B146-786B00B58A33}
		{D63E2DA8-5302-405A-888D-17D090DA870D} = {D63E2DA8-5302-405A-888D-17D090DA870D}
		{DC1D0415-2236-4789-AAEF-CB77E10AD5F2} = {DC1D0415-2236-4789-AAEF-CB77E10AD5F2}
		{ED6518FF-9A74-4B8F-9D51-848B4578536A} = {ED6518FF-9A74-4B8F-9D51-848B4578536A}
	EndProjectSection
EndProject
Project("{8BC9CEB8-8B4A-11D0-8D11-00A0C91BC942}") = "AEFrame", "AEFrame\AEFrame.vcxproj", "{424AA134-1924-4D5F-B6E1-8229D8E9FECE}"
	ProjectSection(ProjectDependencies) = postProject
		{398A4BF1-130C-4B83-B146-786B00B58A33} = {398A4BF1-130C-4B83-B146-786B00B58A33}
		{D63E2DA8-5302-405A-888D-17D090DA870D} = {D63E2DA8-5302-405A-888D-17D090DA870D}
	EndProjectSection
EndProject
Project("{8BC9CEB8-8B4A-11D0-8D11-00A0C91BC942}") = "AETimer", "AETimer\AETimer.vcxproj", "{8681EB86-58FF-4253-B977-9E7F1C2474F9}"
	ProjectSection(ProjectDependencies) = postProject
		{398A4BF1-130C-4B83-B146-786B00B58A33} = {398A4BF1-130C-4B83-B146-786B00B58A33}
		{424AA134-1924-4D5F-B6E1-8229D8E9FECE} = {424AA134-1924-4D5F-B6E1-8229D8E9FECE}
		{D63E2DA8-5302-405A-888D-17D090DA870D} = {D63E2DA8-5302-405A-888D-17D090DA870D}
	EndProjectSection
EndProject
Project("{8BC9CEB8-8B4A-11D0-8D11-00A0C91BC942}") = "AEVector", "AEVector\AEVector.vcxproj", "{BB81E185-0228-4B6A-BC7B-A88EAE13770D}"
	ProjectSection(ProjectDependencies) = postProject
		{D63E2DA8-5302-405A-888D-17D090DA870D} = {D63E2DA8-5302-405A-888D-17D090DA870D}
	EndProjectSection
EndProject
Project("{2150E333-8FDC-42A3-9474-1A3956D46DE8}") = "Solution Items", "Solution Items", "{8D771447-1A35-48D6-AAB9-F67E93DB75BC}"
	ProjectSection(SolutionItems) = preProject
		ACEngine_doxygen = ACEngine_doxygen
		LICENSE.md = LICENSE.md
		README.md = README.md
	EndProjectSection
EndProject
Project("{8BC9CEB8-8B4A-11D0-8D11-00A0C91BC942}") = "AEFileReader", "AEFileReader\AEFileReader.vcxproj", "{447305D7-4A77-4C15-BC2D-66A09F4293E7}"
	ProjectSection(ProjectDependencies) = postProject
		{398A4BF1-130C-4B83-B146-786B00B58A33} = {398A4BF1-130C-4B83-B146-786B00B58A33}
		{D63E2DA8-5302-405A-888D-17D090DA870D} = {D63E2DA8-5302-405A-888D-17D090DA870D}
	EndProjectSection
EndProject
Project("{8BC9CEB8-8B4A-11D0-8D11-00A0C91BC942}") = "AELogParser", "AELogParser\AELogParser.vcxproj", "{319FD22D-A1F5-432A-94C7-F1F69F24695A}"
	ProjectSection(ProjectDependencies) = postProject
		{398A4BF1-130C-4B83-B146-786B00B58A33} = {398A4BF1-130C-4B83-B146-786B00B58A33}
		{447305D7-4A77-4C15-BC2D-66A09F4293E7} = {447305D7-4A77-4C15-BC2D-66A09F4293E7}
		{D63E2DA8-5302-405A-888D-17D090DA870D} = {D63E2DA8-5302-405A-888D-17D090DA870D}
		{ED6518FF-9A74-4B8F-9D51-848B4578536A} = {ED6518FF-9A74-4B8F-9D51-848B4578536A}
	EndProjectSection
EndProject
Project("{8BC9CEB8-8B4A-11D0-8D11-00A0C91BC942}") = "AECustomTypes", "AECustomTypes\AECustomTypes.vcxproj", "{ED6518FF-9A74-4B8F-9D51-848B4578536A}"
	ProjectSection(ProjectDependencies) = postProject
		{398A4BF1-130C-4B83-B146-786B00B58A33} = {398A4BF1-130C-4B83-B146-786B00B58A33}
		{D63E2DA8-5302-405A-888D-17D090DA870D} = {D63E2DA8-5302-405A-888D-17D090DA870D}
	EndProjectSection
EndProject
Global
	GlobalSection(SolutionConfigurationPlatforms) = preSolution
		Debug|x64 = Debug|x64
		Debug|x86 = Debug|x86
		Release|x64 = Release|x64
		Release|x86 = Release|x86
	EndGlobalSection
	GlobalSection(ProjectConfigurationPlatforms) = postSolution
		{6B7776BF-E03A-4B73-8B3A-38BC5B114387}.Debug|x64.ActiveCfg = Debug|x64
		{6B7776BF-E03A-4B73-8B3A-38BC5B114387}.Debug|x64.Build.0 = Debug|x64
		{6B7776BF-E03A-4B73-8B3A-38BC5B114387}.Debug|x86.ActiveCfg = Debug|Win32
		{6B7776BF-E03A-4B73-8B3A-38BC5B114387}.Debug|x86.Build.0 = Debug|Win32
		{6B7776BF-E03A-4B73-8B3A-38BC5B114387}.Release|x64.ActiveCfg = Release|x64
		{6B7776BF-E03A-4B73-8B3A-38BC5B114387}.Release|x64.Build.0 = Release|x64
		{6B7776BF-E03A-4B73-8B3A-38BC5B114387}.Release|x86.ActiveCfg = Release|Win32
		{6B7776BF-E03A-4B73-8B3A-38BC5B114387}.Release|x86.Build.0 = Release|Win32
		{DC1D0415-2236-4789-AAEF-CB77E10AD5F2}.Debug|x64.ActiveCfg = Debug|x64
		{DC1D0415-2236-4789-AAEF-CB77E10AD5F2}.Debug|x64.Build.0 = Debug|x64
		{DC1D0415-2236-4789-AAEF-CB77E10AD5F2}.Debug|x86.ActiveCfg = Debug|Win32
		{DC1D0415-2236-4789-AAEF-CB77E10AD5F2}.Debug|x86.Build.0 = Debug|Win32
		{DC1D0415-2236-4789-AAEF-CB77E10AD5F2}.Release|x64.ActiveCfg = Release|x64
		{DC1D0415-2236-4789-AAEF-CB77E10AD5F2}.Release|x64.Build.0 = Release|x64
		{DC1D0415-2236-4789-AAEF-CB77E10AD5F2}.Release|x86.ActiveCfg = Release|Win32
		{DC1D0415-2236-4789-AAEF-CB77E10AD5F2}.Release|x86.Build.0 = Release|Win32
		{398A4BF1-130C-4B83-B146-786B00B58A33}.Debug|x64.ActiveCfg = Debug|x64
		{398A4BF1-130C-4B83-B146-786B00B58A33}.Debug|x64.Build.0 = Debug|x64
		{398A4BF1-130C-4B83-B146-786B00B58A33}.Debug|x86.ActiveCfg = Debug|Win32
		{398A4BF1-130C-4B83-B146-786B00B58A33}.Debug|x86.Build.0 = Debug|Win32
		{398A4BF1-130C-4B83-B146-786B00B58A33}.Release|x64.ActiveCfg = Release|x64
		{398A4BF1-130C-4B83-B146-786B00B58A33}.Release|x64.Build.0 = Release|x64
		{398A4BF1-130C-4B83-B146-786B00B58A33}.Release|x86.ActiveCfg = Release|Win32
		{398A4BF1-130C-4B83-B146-786B00B58A33}.Release|x86.Build.0 = Release|Win32
		{D63E2DA8-5302-405A-888D-17D090DA870D}.Debug|x64.ActiveCfg = Debug|x64
		{D63E2DA8-5302-405A-888D-17D090DA870D}.Debug|x64.Build.0 = Debug|x64
		{D63E2DA8-5302-405A-888D-17D090DA870D}.Debug|x86.ActiveCfg = Debug|Win32
		{D63E2DA8-5302-405A-888D-17D090DA870D}.Debug|x86.Build.0 = Debug|Win32
		{D63E2DA8-5302-405A-888D-17D090DA870D}.Release|x64.ActiveCfg = Release|x64
		{D63E2DA8-5302-405A-888D-17D090DA870D}.Release|x64.Build.0 = Release|x64
		{D63E2DA8-5302-405A-888D-17D090DA870D}.Release|x86.ActiveCfg = Release|Win32
		{D63E2DA8-5302-405A-888D-17D090DA870D}.Release|x86.Build.0 = Release|Win32
		{131FBC46-573B-4E17-B9E6-0838EF58A620}.Debug|x64.ActiveCfg = Debug|x64
		{131FBC46-573B-4E17-B9E6-0838EF58A620}.Debug|x64.Build.0 = Debug|x64
		{131FBC46-573B-4E17-B9E6-0838EF58A620}.Debug|x86.ActiveCfg = Debug|Win32
		{131FBC46-573B-4E17-B9E6-0838EF58A620}.Debug|x86.Build.0 = Debug|Win32
		{131FBC46-573B-4E17-B9E6-0838EF58A620}.Release|x64.ActiveCfg = Release|x64
		{131FBC46-573B-4E17-B9E6-0838EF58A620}.Release|x64.Build.0 = Release|x64
		{131FBC46-573B-4E17-B9E6-0838EF58A620}.Release|x86.ActiveCfg = Release|Win32
		{131FBC46-573B-4E17-B9E6-0838EF58A620}.Release|x86.Build.0 = Release|Win32
		{424AA134-1924-4D5F-B6E1-8229D8E9FECE}.Debug|x64.ActiveCfg = Debug|x64
		{424AA134-1924-4D5F-B6E1-8229D8E9FECE}.Debug|x64.Build.0 = Debug|x64
		{424AA134-1924-4D5F-B6E1-8229D8E9FECE}.Debug|x86.ActiveCfg = Debug|Win32
		{424AA134-1924-4D5F-B6E1-8229D8E9FECE}.Debug|x86.Build.0 = Debug|Win32
		{424AA134-1924-4D5F-B6E1-8229D8E9FECE}.Release|x64.ActiveCfg = Release|x64
		{424AA134-1924-4D5F-B6E1-8229D8E9FECE}.Release|x64.Build.0 = Release|x64
		{424AA134-1924-4D5F-B6E1-8229D8E9FECE}.Release|x86.ActiveCfg = Release|Win32
		{424AA134-1924-4D5F-B6E1-8229D8E9FECE}.Release|x86.Build.0 = Release|Win32
		{8681EB86-58FF-4253-B977-9E7F1C2474F9}.Debug|x64.ActiveCfg = Debug|x64
		{8681EB86-58FF-4253-B977-9E7F1C2474F9}.Debug|x64.Build.0 = Debug|x64
		{8681EB86-58FF-4253-B977-9E7F1C2474F9}.Debug|x86.ActiveCfg = Debug|Win32
		{8681EB86-58FF-4253-B977-9E7F1C2474F9}.Debug|x86.Build.0 = Debug|Win32
		{8681EB86-58FF-4253-B977-9E7F1C2474F9}.Release|x64.ActiveCfg = Release|x64
		{8681EB86-58FF-4253-B977-9E7F1C2474F9}.Release|x64.Build.0 = Release|x64
		{8681EB86-58FF-4253-B977-9E7F1C2474F9}.Release|x86.ActiveCfg = Release|Win32
		{8681EB86-58FF-4253-B977-9E7F1C2474F9}.Release|x86.Build.0 = Release|Win32
		{BB81E185-0228-4B6A-BC7B-A88EAE13770D}.Debug|x64.ActiveCfg = Debug|x64
		{BB81E185-0228-4B6A-BC7B-A88EAE13770D}.Debug|x64.Build.0 = Debug|x64
		{BB81E185-0228-4B6A-BC7B-A88EAE13770D}.Debug|x86.ActiveCfg = Debug|Win32
		{BB81E185-0228-4B6A-BC7B-A88EAE13770D}.Debug|x86.Build.0 = Debug|Win32
		{BB81E185-0228-4B6A-BC7B-A88EAE13770D}.Release|x64.ActiveCfg = Release|x64
		{BB81E185-0228-4B6A-BC7B-A88EAE13770D}.Release|x64.Build.0 = Release|x64
		{BB81E185-0228-4B6A-BC7B-A88EAE13770D}.Release|x86.ActiveCfg = Release|Win32
		{BB81E185-0228-4B6A-BC7B-A88EAE13770D}.Release|x86.Build.0 = Release|Win32
		{447305D7-4A77-4C15-BC2D-66A09F4293E7}.Debug|x64.ActiveCfg = Debug|x64
		{447305D7-4A77-4C15-BC2D-66A09F4293E7}.Debug|x64.Build.0 = Debug|x64
		{447305D7-4A77-4C15-BC2D-66A09F4293E7}.Debug|x86.ActiveCfg = Debug|Win32
		{447305D7-4A77-4C15-BC2D-66A09F4293E7}.Debug|x86.Build.0 = Debug|Win32
		{447305D7-4A77-4C15-BC2D-66A09F4293E7}.Release|x64.ActiveCfg = Release|x64
		{447305D7-4A77-4C15-BC2D-66A09F4293E7}.Release|x64.Build.0 = Release|x64
		{447305D7-4A77-4C15-BC2D-66A09F4293E7}.Release|x86.ActiveCfg = Release|Win32
		{447305D7-4A77-4C15-BC2D-66A09F4293E7}.Release|x86.Build.0 = Release|Win32
		{319FD22D-A1F5-432A-94C7-F1F69F24695A}.Debug|x64.ActiveCfg = Debug|x64
		{319FD22D-A1F5-432A-94C7-F1F69F24695A}.Debug|x64.Build.0 = Debug|x64
		{319FD22D-A1F5-432A-94C7-F1F69F24695A}.Debug|x86.ActiveCfg = Debug|Win32
		{319FD22D-A1F5-432A-94C7-F1F69F24695A}.Debug|x86.Build.0 = Debug|Win32
		{319FD22D-A1F5-432A-94C7-F1F69F24695A}.Release|x64.ActiveCfg = Release|x64
		{319FD22D-A1F5-432A-94C7-F1F69F24695A}.Release|x64.Build.0 = Release|x64
		{319FD22D-A1F5-432A-94C7-F1F69F24695A}.Release|x86.ActiveCfg = Release|Win32
		{319FD22D-A1F5-432A-94C7-F1F69F24695A}.Release|x86.Build.0 = Release|Win32
		{ED6518FF-9A74-4B8F-9D51-848B4578536A}.Debug|x64.ActiveCfg = Debug|x64
		{ED6518FF-9A74-4B8F-9D51-848B4578536A}.Debug|x64.Build.0 = Debug|x64
		{ED6518FF-9A74-4B8F-9D51-848B4578536A}.Debug|x86.ActiveCfg = Debug|Win32
		{ED6518FF-9A74-4B8F-9D51-848B4578536A}.Debug|x86.Build.0 = Debug|Win32
		{ED6518FF-9A74-4B8F-9D51-848B4578536A}.Release|x64.ActiveCfg = Release|x64
		{ED6518FF-9A74-4B8F-9D51-848B4578536A}.Release|x64.Build.0 = Release|x64
		{ED6518FF-9A74-4B8F-9D51-848B4578536A}.Release|x86.ActiveCfg = Release|Win32
		{ED6518FF-9A74-4B8F-9D51-848B4578536A}.Release|x86.Build.0 = Release|Win32
	EndGlobalSection
	GlobalSection(SolutionProperties) = preSolution
		HideSolutionNode = FALSE
	EndGlobalSection
	GlobalSection(ExtensibilityGlobals) = postSolution
		SolutionGuid = {4D0ECD15-0EC6-4346-817C-ED5B750C36B8}
	EndGlobalSection
EndGlobal
