<?xml version="1.0" encoding="utf-8"?>
<Project ToolsVersion="4.0" xmlns="http://schemas.microsoft.com/developer/msbuild/2003">
  <ItemGroup>
    <Filter Include="Source Files">
      <UniqueIdentifier>{4FC737F1-C7A5-4376-A066-2A32D752A2FF}</UniqueIdentifier>
      <Extensions>cpp;c;cc;cxx;c++;cppm;ixx;def;odl;idl;hpj;bat;asm;asmx</Extensions>
    </Filter>
    <Filter Include="Header Files">
      <UniqueIdentifier>{93995380-89BD-4b04-88EB-625FBE52EBFB}</UniqueIdentifier>
      <Extensions>h;hh;hpp;hxx;h++;hm;inl;inc;ipp;xsd</Extensions>
    </Filter>
    <Filter Include="Resource Files">
      <UniqueIdentifier>{67DA6AB6-F800-4c08-8B7A-83BB121AAD01}</UniqueIdentifier>
      <Extensions>rc;ico;cur;bmp;dlg;rc2;rct;bin;rgs;gif;jpg;jpeg;jpe;resx;tiff;tif;png;wav;mfcribbon-ms</Extensions>
    </Filter>
    <Filter Include="Header Files\engine modules">
      <UniqueIdentifier>{2504e1cb-5b5c-4072-9193-e763df1d3580}</UniqueIdentifier>
    </Filter>
    <Filter Include="Source Files\src">
      <UniqueIdentifier>{c47bdb08-dc0d-4cb2-9755-ba5ddcc59b9c}</UniqueIdentifier>
    </Filter>
    <Filter Include="Resource Files\Logo resources">
      <UniqueIdentifier>{6a749277-ebe8-47af-b13d-b87d545c8bd9}</UniqueIdentifier>
    </Filter>
    <Filter Include="Source Files\src\engine modules">
      <UniqueIdentifier>{cf7ab554-be26-4d50-a125-0c5f97a1876f}</UniqueIdentifier>
    </Filter>
  </ItemGroup>
  <ItemGroup>
    <ClCompile Include="main_ACEngine.cpp">
      <Filter>Source Files</Filter>
    </ClCompile>
    <ClCompile Include="..\AELogger\src\AELogger.cpp">
      <Filter>Source Files\src\engine modules</Filter>
    </ClCompile>
    <ClCompile Include="..\AEFileWriter\src\AEFileWriter.cpp">
      <Filter>Source Files\src\engine modules</Filter>
    </ClCompile>
    <ClCompile Include="..\AEFileReader\src\AEFileReader.cpp">
      <Filter>Source Files\src\engine modules</Filter>
    </ClCompile>
  </ItemGroup>
  <ItemGroup>
    <ClInclude Include="..\AEFileWriter\include\AEFileWriter.hpp">
      <Filter>Header Files\engine modules</Filter>
    </ClInclude>
    <ClInclude Include="..\AEModuleBase\include\AEModuleBase.hpp">
      <Filter>Header Files\engine modules</Filter>
    </ClInclude>
    <ClInclude Include="..\AEFrame\include\AEFrame.hpp">
      <Filter>Header Files\engine modules</Filter>
    </ClInclude>
    <ClInclude Include="..\AELogger\include\AELogger.hpp">
      <Filter>Header Files\engine modules</Filter>
    </ClInclude>
    <ClInclude Include="..\AEMisc\include\AEFlags.hpp">
      <Filter>Header Files\engine modules</Filter>
    </ClInclude>
    <ClInclude Include="..\AEMisc\include\AEMath.hpp">
      <Filter>Header Files\engine modules</Filter>
    </ClInclude>
    <ClInclude Include="..\AEMisc\include\AEMathTrigLookup.hpp">
      <Filter>Header Files\engine modules</Filter>
    </ClInclude>
    <ClInclude Include="..\AEMisc\include\AETypedefs.hpp">
      <Filter>Header Files\engine modules</Filter>
    </ClInclude>
    <ClInclude Include="..\AEMisc\include\AEUtils.hpp">
      <Filter>Header Files\engine modules</Filter>
    </ClInclude>
    <ClInclude Include="..\AETimer\include\AETimer.hpp">
      <Filter>Header Files\engine modules</Filter>
    </ClInclude>
    <ClInclude Include="..\AEVector\include\AEVector.hpp">
      <Filter>Header Files\engine modules</Filter>
    </ClInclude>
    <ClInclude Include="..\resources\resource1.h">
      <Filter>Resource Files\Logo resources</Filter>
    </ClInclude>
  </ItemGroup>
  <ItemGroup>
    <None Include="README.md">
      <Filter>Resource Files</Filter>
    </None>
  </ItemGroup>
  <ItemGroup>
    <ResourceCompile Include="..\resources\consoleprog1.rc">
      <Filter>Resource Files\Logo resources</Filter>
    </ResourceCompile>
  </ItemGroup>
  <ItemGroup>
    <Image Include="..\resources\logo.ico">
      <Filter>Resource Files\Logo resources</Filter>
    </Image>
  </ItemGroup>
</Project>