<?xml version="1.0" encoding="utf-8"?>
<Project ToolsVersion="4.0" xmlns="http://schemas.microsoft.com/developer/msbuild/2003">
  <ItemGroup>
    <Filter Include="Source Files">
      <UniqueIdentifier>{4FC737F1-C7A5-4376-A066-2A32D752A2FF}</UniqueIdentifier>
      <Extensions>cpp;c;cc;cxx;c++;cppm;ixx;def;odl;idl;hpj;bat;asm;asmx</Extensions>
    </Filter>
    <Filter Include="Header Files">
      <UniqueIdentifier>{93995380-89BD-4b04-88EB-625FBE52EBFB}</UniqueIdentifier>
      <Extensions>h;hh;hpp;hxx;h++;hm;inl;inc;ipp;xsd</Extensions>
    </Filter>
    <Filter Include="Resource Files">
      <UniqueIdentifier>{67DA6AB6-F800-4c08-8B7A-83BB121AAD01}</UniqueIdentifier>
      <Extensions>rc;ico;cur;bmp;dlg;rc2;rct;bin;rgs;gif;jpg;jpeg;jpe;resx;tiff;tif;png;wav;mfcribbon-ms</Extensions>
    </Filter>
    <Filter Include="Resource Files\Logo resources">
      <UniqueIdentifier>{887ad2c2-1cb2-4c12-aa6b-6ce65f40eab1}</UniqueIdentifier>
    </Filter>
  </ItemGroup>
  <ItemGroup>
    <ClCompile Include="main_Misc.cpp">
      <Filter>Source Files</Filter>
    </ClCompile>
  </ItemGroup>
  <ItemGroup>
    <None Include="README.md">
      <Filter>Resource Files</Filter>
    </None>
  </ItemGroup>
  <ItemGroup>
    <ClInclude Include="include\AETypedefs.hpp">
      <Filter>Header Files</Filter>
    </ClInclude>
    <ClInclude Include="include\AEFlags.hpp">
      <Filter>Header Files</Filter>
    </ClInclude>
    <ClInclude Include="include\AEUtils.hpp">
      <Filter>Header Files</Filter>
    </ClInclude>
    <ClInclude Include="include\AEMath.hpp">
      <Filter>Header Files</Filter>
    </ClInclude>
    <ClInclude Include="include\AEMathTrigLookup.hpp">
      <Filter>Header Files</Filter>
    </ClInclude>
    <ClInclude Include="..\resources\resource1.h">
      <Filter>Resource Files\Logo resources</Filter>
    </ClInclude>
    <ClInclude Include="include\AEUtilsMacros.hpp">
      <Filter>Header Files</Filter>
    </ClInclude>
    <ClInclude Include="include\AEMathConst.hpp">
      <Filter>Header Files</Filter>
    </ClInclude>
  </ItemGroup>
  <ItemGroup>
    <ResourceCompile Include="..\resources\consoleprog1.rc">
      <Filter>Resource Files\Logo resources</Filter>
    </ResourceCompile>
  </ItemGroup>
  <ItemGroup>
    <Image Include="..\resources\logo.ico">
      <Filter>Resource Files\Logo resources</Filter>
    </Image>
  </ItemGroup>
</Project>