<?xml version="1.0" encoding="utf-8"?>
<Project ToolsVersion="4.0" xmlns="http://schemas.microsoft.com/developer/msbuild/2003">
  <ItemGroup>
    <Filter Include="Source Files">
      <UniqueIdentifier>{4FC737F1-C7A5-4376-A066-2A32D752A2FF}</UniqueIdentifier>
      <Extensions>cpp;c;cc;cxx;c++;cppm;ixx;def;odl;idl;hpj;bat;asm;asmx</Extensions>
    </Filter>
    <Filter Include="Header Files">
      <UniqueIdentifier>{93995380-89BD-4b04-88EB-625FBE52EBFB}</UniqueIdentifier>
      <Extensions>h;hh;hpp;hxx;h++;hm;inl;inc;ipp;xsd</Extensions>
    </Filter>
    <Filter Include="Resource Files">
      <UniqueIdentifier>{67DA6AB6-F800-4c08-8B7A-83BB121AAD01}</UniqueIdentifier>
      <Extensions>rc;ico;cur;bmp;dlg;rc2;rct;bin;rgs;gif;jpg;jpeg;jpe;resx;tiff;tif;png;wav;mfcribbon-ms</Extensions>
    </Filter>
    <Filter Include="Resource Files\Logo resources">
      <UniqueIdentifier>{0994fba8-f5c5-459c-a2cc-fcf4a057a092}</UniqueIdentifier>
    </Filter>
    <Filter Include="Source Files\src">
      <UniqueIdentifier>{8d636e8d-2e42-42ee-bb66-21501ccdec2b}</UniqueIdentifier>
    </Filter>
    <Filter Include="Header Files\engine modules">
      <UniqueIdentifier>{c874ef66-c0fe-484c-95b8-8ac4238d9376}</UniqueIdentifier>
    </Filter>
  </ItemGroup>
  <ItemGroup>
    <ClCompile Include="main_AEFileWriter.cpp">
      <Filter>Source Files</Filter>
    </ClCompile>
    <ClCompile Include="src\AEFileWriter.cpp">
      <Filter>Source Files\src</Filter>
    </ClCompile>
  </ItemGroup>
  <ItemGroup>
    <ClInclude Include="include\AEFileWriter.hpp">
      <Filter>Header Files</Filter>
    </ClInclude>
    <ClInclude Include="..\resources\resource1.h">
      <Filter>Resource Files\Logo resources</Filter>
    </ClInclude>
    <ClInclude Include="..\AEModuleBase\include\AEModuleBase.hpp">
      <Filter>Header Files\engine modules</Filter>
    </ClInclude>
    <ClInclude Include="..\AEMisc\include\AEFlags.hpp">
      <Filter>Header Files\engine modules</Filter>
    </ClInclude>
    <ClInclude Include="..\AEMisc\include\AETypedefs.hpp">
      <Filter>Header Files\engine modules</Filter>
    </ClInclude>
    <ClInclude Include="..\AEMisc\include\AEUtils.hpp">
      <Filter>Header Files\engine modules</Filter>
    </ClInclude>
  </ItemGroup>
  <ItemGroup>
    <None Include="README.md">
      <Filter>Resource Files</Filter>
    </None>
  </ItemGroup>
  <ItemGroup>
    <ResourceCompile Include="..\resources\consoleprog1.rc">
      <Filter>Resource Files\Logo resources</Filter>
    </ResourceCompile>
  </ItemGroup>
  <ItemGroup>
    <Image Include="..\resources\logo.ico">
      <Filter>Resource Files\Logo resources</Filter>
    </Image>
  </ItemGroup>
</Project>