<?xml version="1.0" encoding="utf-8"?>
<Project ToolsVersion="4.0" xmlns="http://schemas.microsoft.com/developer/msbuild/2003">
  <ItemGroup>
    <Filter Include="Source Files">
      <UniqueIdentifier>{4FC737F1-C7A5-4376-A066-2A32D752A2FF}</UniqueIdentifier>
      <Extensions>cpp;c;cc;cxx;c++;cppm;ixx;def;odl;idl;hpj;bat;asm;asmx</Extensions>
    </Filter>
    <Filter Include="Header Files">
      <UniqueIdentifier>{93995380-89BD-4b04-88EB-625FBE52EBFB}</UniqueIdentifier>
      <Extensions>h;hh;hpp;hxx;h++;hm;inl;inc;ipp;xsd</Extensions>
    </Filter>
    <Filter Include="Resource Files">
      <UniqueIdentifier>{67DA6AB6-F800-4c08-8B7A-83BB121AAD01}</UniqueIdentifier>
      <Extensions>rc;ico;cur;bmp;dlg;rc2;rct;bin;rgs;gif;jpg;jpeg;jpe;resx;tiff;tif;png;wav;mfcribbon-ms</Extensions>
    </Filter>
    <Filter Include="Resource Files\Logo resources">
      <UniqueIdentifier>{908082b4-cf3c-4607-a16b-3f2c450abe84}</UniqueIdentifier>
    </Filter>
    <Filter Include="Source Files\src">
      <UniqueIdentifier>{adb56693-a692-4740-beb9-0db607f0ffea}</UniqueIdentifier>
    </Filter>
    <Filter Include="Header Files\engine modules">
      <UniqueIdentifier>{23a900e7-7043-4840-a334-e9f11c49277a}</UniqueIdentifier>
    </Filter>
    <Filter Include="Source Files\src\engine modules">
      <UniqueIdentifier>{a665d434-86af-4ea0-9853-0d4052d33edd}</UniqueIdentifier>
    </Filter>
  </ItemGroup>
  <ItemGroup>
    <ClCompile Include="main_AELogParser.cpp">
      <Filter>Source Files</Filter>
    </ClCompile>
    <ClCompile Include="src\AELogParser.cpp">
      <Filter>Source Files\src</Filter>
    </ClCompile>
    <ClCompile Include="..\AEFileReader\src\AEFileReader.cpp">
      <Filter>Source Files\src\engine modules</Filter>
    </ClCompile>
  </ItemGroup>
  <ItemGroup>
    <ClInclude Include="..\resources\resource1.h">
      <Filter>Resource Files\Logo resources</Filter>
    </ClInclude>
    <ClInclude Include="include\AELogParser.hpp">
      <Filter>Header Files</Filter>
    </ClInclude>
    <ClInclude Include="..\AEFileReader\include\AEFileReader.hpp">
      <Filter>Header Files\engine modules</Filter>
    </ClInclude>
    <ClInclude Include="..\AEMisc\include\AEFlags.hpp">
      <Filter>Header Files\engine modules</Filter>
    </ClInclude>
    <ClInclude Include="..\AEModuleBase\include\AEModuleBase.hpp">
      <Filter>Header Files\engine modules</Filter>
    </ClInclude>
    <ClInclude Include="..\AEMisc\include\AETypedefs.hpp">
      <Filter>Header Files\engine modules</Filter>
    </ClInclude>
    <ClInclude Include="..\AEMisc\include\AEUtils.hpp">
      <Filter>Header Files\engine modules</Filter>
    </ClInclude>
    <ClInclude Include="..\AECustomTypes\include\AELogEntry.hpp">
      <Filter>Header Files\engine modules</Filter>
    </ClInclude>
    <ClInclude Include="..\AECustomTypes\include\AELogEntryInfo.hpp">
      <Filter>Header Files\engine modules</Filter>
    </ClInclude>
    <ClInclude Include="..\AECustomTypes\include\AELogTypes.hpp">
      <Filter>Header Files\engine modules</Filter>
    </ClInclude>
  </ItemGroup>
  <ItemGroup>
    <ResourceCompile Include="..\resources\consoleprog1.rc">
      <Filter>Resource Files\Logo resources</Filter>
    </ResourceCompile>
  </ItemGroup>
  <ItemGroup>
    <Image Include="..\resources\logo.ico">
      <Filter>Resource Files\Logo resources</Filter>
    </Image>
  </ItemGroup>
  <ItemGroup>
    <None Include="README.md">
      <Filter>Resource Files</Filter>
    </None>
  </ItemGroup>
</Project>