<?xml version="1.0" encoding="utf-8"?>
<Project ToolsVersion="4.0" xmlns="http://schemas.microsoft.com/developer/msbuild/2003">
  <ItemGroup>
    <Filter Include="Source Files">
      <UniqueIdentifier>{4FC737F1-C7A5-4376-A066-2A32D752A2FF}</UniqueIdentifier>
      <Extensions>cpp;c;cc;cxx;c++;cppm;ixx;def;odl;idl;hpj;bat;asm;asmx</Extensions>
    </Filter>
    <Filter Include="Header Files">
      <UniqueIdentifier>{93995380-89BD-4b04-88EB-625FBE52EBFB}</UniqueIdentifier>
      <Extensions>h;hh;hpp;hxx;h++;hm;inl;inc;ipp;xsd</Extensions>
    </Filter>
    <Filter Include="Resource Files">
      <UniqueIdentifier>{67DA6AB6-F800-4c08-8B7A-83BB121AAD01}</UniqueIdentifier>
      <Extensions>rc;ico;cur;bmp;dlg;rc2;rct;bin;rgs;gif;jpg;jpeg;jpe;resx;tiff;tif;png;wav;mfcribbon-ms</Extensions>
    </Filter>
    <Filter Include="Source Files\src">
      <UniqueIdentifier>{cde2c94f-3c6e-48c4-85a0-4d2fbe1e4a98}</UniqueIdentifier>
    </Filter>
    <Filter Include="Resource Files\Logo resources">
      <UniqueIdentifier>{bcb4e47a-a135-4832-9167-18d2544ad5db}</UniqueIdentifier>
    </Filter>
    <Filter Include="Header Files\engine modules">
      <UniqueIdentifier>{2bbc1061-fa9e-452b-b361-95982617e8b5}</UniqueIdentifier>
    </Filter>
    <Filter Include="Source Files\src\engine modules">
      <UniqueIdentifier>{48f8080c-7b7a-4f78-804f-0eb24110b80e}</UniqueIdentifier>
    </Filter>
  </ItemGroup>
  <ItemGroup>
    <ClCompile Include="main_AELogger.cpp">
      <Filter>Source Files</Filter>
    </ClCompile>
    <ClCompile Include="src\AELogger.cpp">
      <Filter>Source Files\src</Filter>
    </ClCompile>
    <ClCompile Include="..\AEFileWriter\src\AEFileWriter.cpp">
      <Filter>Source Files\src\engine modules</Filter>
    </ClCompile>
  </ItemGroup>
  <ItemGroup>
    <ClInclude Include="include\AELogger.hpp">
      <Filter>Header Files</Filter>
    </ClInclude>
    <ClInclude Include="..\resources\resource1.h">
      <Filter>Resource Files\Logo resources</Filter>
    </ClInclude>
    <ClInclude Include="..\AEFileWriter\include\AEFileWriter.hpp">
      <Filter>Header Files\engine modules</Filter>
    </ClInclude>
    <ClInclude Include="..\AEMisc\include\AEFlags.hpp">
      <Filter>Header Files\engine modules</Filter>
    </ClInclude>
    <ClInclude Include="..\AEModuleBase\include\AEModuleBase.hpp">
      <Filter>Header Files\engine modules</Filter>
    </ClInclude>
    <ClInclude Include="..\AEMisc\include\AETypedefs.hpp">
      <Filter>Header Files\engine modules</Filter>
    </ClInclude>
    <ClInclude Include="..\AEMisc\include\AEUtils.hpp">
      <Filter>Header Files\engine modules</Filter>
    </ClInclude>
    <ClInclude Include="..\AECustomTypes\include\AELogEntry.hpp">
      <Filter>Header Files\engine modules</Filter>
    </ClInclude>
    <ClInclude Include="..\AECustomTypes\include\AELogTypes.hpp">
      <Filter>Header Files\engine modules</Filter>
    </ClInclude>
  </ItemGroup>
  <ItemGroup>
    <ResourceCompile Include="..\resources\consoleprog1.rc">
      <Filter>Resource Files\Logo resources</Filter>
    </ResourceCompile>
  </ItemGroup>
  <ItemGroup>
    <Image Include="..\resources\logo.ico">
      <Filter>Resource Files\Logo resources</Filter>
    </Image>
  </ItemGroup>
  <ItemGroup>
    <None Include="README.md">
      <Filter>Resource Files</Filter>
    </None>
  </ItemGroup>
</Project>